
Microsoft Visual Studio Solution File, Format Version 12.00
# Visual Studio 15
VisualStudioVersion = 15.0.27130.2024
MinimumVisualStudioVersion = 10.0.40219.1
Project("{9A19103F-16F7-4668-BE54-9A1E7A4F7556}") = "PortalEducacional", "PortalEducacional\PortalEducacional.csproj", "{DA07D680-E86F-4D1D-AF8F-8FBAE5C463DE}"
EndProject
Project("{FAE04EC0-301F-11D3-BF4B-00C04F79EFBC}") = "FingerprintClass", "Fingerprint\FingerprintClass.csproj", "{725B230C-A9F9-4B7F-9DD9-14FF08F30551}"
EndProject
Project("{FAE04EC0-301F-11D3-BF4B-00C04F79EFBC}") = "ImportarArquivosLote", "ImportarArquivosLote\ImportarArquivosLote.csproj", "{7FCD3459-C5A4-4466-A278-6F74D6446D39}"
EndProject
Project("{2150E333-8FDC-42A3-9474-1A3956D46DE8}") = "Shop", "Shop", "{A9995B03-C91C-4692-9738-C747768F445C}"
EndProject
Project("{9A19103F-16F7-4668-BE54-9A1E7A4F7556}") = "Web", "..\Shop\src\Web\Web.csproj", "{B915776A-DD3B-4D31-B9D2-1E581BA82DA5}"
EndProject
Project("{9A19103F-16F7-4668-BE54-9A1E7A4F7556}") = "Infrastructure", "..\Shop\src\Infrastructure\Infrastructure.csproj", "{1AD24277-8DBA-4A35-8CA2-F29BA2B601F9}"
EndProject
Project("{9A19103F-16F7-4668-BE54-9A1E7A4F7556}") = "ApplicationCore", "..\Shop\src\ApplicationCore\ApplicationCore.csproj", "{3BE6810A-818A-495F-9045-A9B5C4214FA8}"
EndProject
Project("{9A19103F-16F7-4668-BE54-9A1E7A4F7556}") = "WebRazorPages", "..\Shop\src\WebRazorPages\WebRazorPages.csproj", "{8A9E1278-AFBE-4757-BAC5-E68AA462DC40}"
EndProject
Project("{9A19103F-16F7-4668-BE54-9A1E7A4F7556}") = "Store", "Store\Store.csproj", "{AC6F3D3A-7168-4156-B072-F701E48AFA8A}"
EndProject
Project("{FAE04EC0-301F-11D3-BF4B-00C04F79EFBC}") = "CoreReact", "CoreReact\CoreReact.csproj", "{A647C377-07B6-4CC4-9339-F7C1C8D1122B}"
EndProject
Project("{FAE04EC0-301F-11D3-BF4B-00C04F79EFBC}") = "LojaEA", "LojaEA\LojaEA.csproj", "{A85405FB-980B-4D59-9947-D31313DEEB55}"
EndProject
Global
	GlobalSection(SolutionConfigurationPlatforms) = preSolution
		Debug|Any CPU = Debug|Any CPU
		Debug|x86 = Debug|x86
		Paulo|Any CPU = Paulo|Any CPU
		Paulo|x86 = Paulo|x86
		Release|Any CPU = Release|Any CPU
		Release|x86 = Release|x86
	EndGlobalSection
	GlobalSection(ProjectConfigurationPlatforms) = postSolution
		{DA07D680-E86F-4D1D-AF8F-8FBAE5C463DE}.Debug|Any CPU.ActiveCfg = Debug|Any CPU
		{DA07D680-E86F-4D1D-AF8F-8FBAE5C463DE}.Debug|Any CPU.Build.0 = Debug|Any CPU
		{DA07D680-E86F-4D1D-AF8F-8FBAE5C463DE}.Debug|x86.ActiveCfg = Debug|Any CPU
		{DA07D680-E86F-4D1D-AF8F-8FBAE5C463DE}.Debug|x86.Build.0 = Debug|Any CPU
		{DA07D680-E86F-4D1D-AF8F-8FBAE5C463DE}.Paulo|Any CPU.ActiveCfg = Paulo|Any CPU
		{DA07D680-E86F-4D1D-AF8F-8FBAE5C463DE}.Paulo|Any CPU.Build.0 = Paulo|Any CPU
		{DA07D680-E86F-4D1D-AF8F-8FBAE5C463DE}.Paulo|x86.ActiveCfg = Paulo|Any CPU
		{DA07D680-E86F-4D1D-AF8F-8FBAE5C463DE}.Paulo|x86.Build.0 = Paulo|Any CPU
		{DA07D680-E86F-4D1D-AF8F-8FBAE5C463DE}.Release|Any CPU.ActiveCfg = Release|Any CPU
		{DA07D680-E86F-4D1D-AF8F-8FBAE5C463DE}.Release|Any CPU.Build.0 = Release|Any CPU
		{DA07D680-E86F-4D1D-AF8F-8FBAE5C463DE}.Release|x86.ActiveCfg = Release|Any CPU
		{DA07D680-E86F-4D1D-AF8F-8FBAE5C463DE}.Release|x86.Build.0 = Release|Any CPU
		{725B230C-A9F9-4B7F-9DD9-14FF08F30551}.Debug|Any CPU.ActiveCfg = Debug|Any CPU
		{725B230C-A9F9-4B7F-9DD9-14FF08F30551}.Debug|Any CPU.Build.0 = Debug|Any CPU
		{725B230C-A9F9-4B7F-9DD9-14FF08F30551}.Debug|x86.ActiveCfg = Debug|Any CPU
		{725B230C-A9F9-4B7F-9DD9-14FF08F30551}.Debug|x86.Build.0 = Debug|Any CPU
		{725B230C-A9F9-4B7F-9DD9-14FF08F30551}.Paulo|Any CPU.ActiveCfg = Release|Any CPU
		{725B230C-A9F9-4B7F-9DD9-14FF08F30551}.Paulo|Any CPU.Build.0 = Release|Any CPU
		{725B230C-A9F9-4B7F-9DD9-14FF08F30551}.Paulo|x86.ActiveCfg = Release|Any CPU
		{725B230C-A9F9-4B7F-9DD9-14FF08F30551}.Paulo|x86.Build.0 = Release|Any CPU
		{725B230C-A9F9-4B7F-9DD9-14FF08F30551}.Release|Any CPU.ActiveCfg = Release|Any CPU
		{725B230C-A9F9-4B7F-9DD9-14FF08F30551}.Release|Any CPU.Build.0 = Release|Any CPU
		{725B230C-A9F9-4B7F-9DD9-14FF08F30551}.Release|x86.ActiveCfg = Release|Any CPU
		{725B230C-A9F9-4B7F-9DD9-14FF08F30551}.Release|x86.Build.0 = Release|Any CPU
		{7FCD3459-C5A4-4466-A278-6F74D6446D39}.Debug|Any CPU.ActiveCfg = Debug|Any CPU
		{7FCD3459-C5A4-4466-A278-6F74D6446D39}.Debug|Any CPU.Build.0 = Debug|Any CPU
		{7FCD3459-C5A4-4466-A278-6F74D6446D39}.Debug|x86.ActiveCfg = Debug|Any CPU
		{7FCD3459-C5A4-4466-A278-6F74D6446D39}.Debug|x86.Build.0 = Debug|Any CPU
		{7FCD3459-C5A4-4466-A278-6F74D6446D39}.Paulo|Any CPU.ActiveCfg = Release|Any CPU
		{7FCD3459-C5A4-4466-A278-6F74D6446D39}.Paulo|Any CPU.Build.0 = Release|Any CPU
		{7FCD3459-C5A4-4466-A278-6F74D6446D39}.Paulo|x86.ActiveCfg = Release|Any CPU
		{7FCD3459-C5A4-4466-A278-6F74D6446D39}.Paulo|x86.Build.0 = Release|Any CPU
		{7FCD3459-C5A4-4466-A278-6F74D6446D39}.Release|Any CPU.ActiveCfg = Release|Any CPU
		{7FCD3459-C5A4-4466-A278-6F74D6446D39}.Release|Any CPU.Build.0 = Release|Any CPU
		{7FCD3459-C5A4-4466-A278-6F74D6446D39}.Release|x86.ActiveCfg = Release|Any CPU
		{7FCD3459-C5A4-4466-A278-6F74D6446D39}.Release|x86.Build.0 = Release|Any CPU
		{B915776A-DD3B-4D31-B9D2-1E581BA82DA5}.Debug|Any CPU.ActiveCfg = Debug|Any CPU
		{B915776A-DD3B-4D31-B9D2-1E581BA82DA5}.Debug|Any CPU.Build.0 = Debug|Any CPU
		{B915776A-DD3B-4D31-B9D2-1E581BA82DA5}.Debug|x86.ActiveCfg = Debug|Any CPU
		{B915776A-DD3B-4D31-B9D2-1E581BA82DA5}.Debug|x86.Build.0 = Debug|Any CPU
		{B915776A-DD3B-4D31-B9D2-1E581BA82DA5}.Paulo|Any CPU.ActiveCfg = Debug|Any CPU
		{B915776A-DD3B-4D31-B9D2-1E581BA82DA5}.Paulo|Any CPU.Build.0 = Debug|Any CPU
		{B915776A-DD3B-4D31-B9D2-1E581BA82DA5}.Paulo|x86.ActiveCfg = Debug|Any CPU
		{B915776A-DD3B-4D31-B9D2-1E581BA82DA5}.Paulo|x86.Build.0 = Debug|Any CPU
		{B915776A-DD3B-4D31-B9D2-1E581BA82DA5}.Release|Any CPU.ActiveCfg = Release|Any CPU
		{B915776A-DD3B-4D31-B9D2-1E581BA82DA5}.Release|Any CPU.Build.0 = Release|Any CPU
		{B915776A-DD3B-4D31-B9D2-1E581BA82DA5}.Release|x86.ActiveCfg = Release|Any CPU
		{B915776A-DD3B-4D31-B9D2-1E581BA82DA5}.Release|x86.Build.0 = Release|Any CPU
		{1AD24277-8DBA-4A35-8CA2-F29BA2B601F9}.Debug|Any CPU.ActiveCfg = Debug|Any CPU
		{1AD24277-8DBA-4A35-8CA2-F29BA2B601F9}.Debug|Any CPU.Build.0 = Debug|Any CPU
		{1AD24277-8DBA-4A35-8CA2-F29BA2B601F9}.Debug|x86.ActiveCfg = Debug|Any CPU
		{1AD24277-8DBA-4A35-8CA2-F29BA2B601F9}.Debug|x86.Build.0 = Debug|Any CPU
		{1AD24277-8DBA-4A35-8CA2-F29BA2B601F9}.Paulo|Any CPU.ActiveCfg = Debug|Any CPU
		{1AD24277-8DBA-4A35-8CA2-F29BA2B601F9}.Paulo|Any CPU.Build.0 = Debug|Any CPU
		{1AD24277-8DBA-4A35-8CA2-F29BA2B601F9}.Paulo|x86.ActiveCfg = Debug|Any CPU
		{1AD24277-8DBA-4A35-8CA2-F29BA2B601F9}.Paulo|x86.Build.0 = Debug|Any CPU
		{1AD24277-8DBA-4A35-8CA2-F29BA2B601F9}.Release|Any CPU.ActiveCfg = Release|Any CPU
		{1AD24277-8DBA-4A35-8CA2-F29BA2B601F9}.Release|Any CPU.Build.0 = Release|Any CPU
		{1AD24277-8DBA-4A35-8CA2-F29BA2B601F9}.Release|x86.ActiveCfg = Release|Any CPU
		{1AD24277-8DBA-4A35-8CA2-F29BA2B601F9}.Release|x86.Build.0 = Release|Any CPU
		{3BE6810A-818A-495F-9045-A9B5C4214FA8}.Debug|Any CPU.ActiveCfg = Debug|Any CPU
		{3BE6810A-818A-495F-9045-A9B5C4214FA8}.Debug|Any CPU.Build.0 = Debug|Any CPU
		{3BE6810A-818A-495F-9045-A9B5C4214FA8}.Debug|x86.ActiveCfg = Debug|Any CPU
		{3BE6810A-818A-495F-9045-A9B5C4214FA8}.Debug|x86.Build.0 = Debug|Any CPU
		{3BE6810A-818A-495F-9045-A9B5C4214FA8}.Paulo|Any CPU.ActiveCfg = Debug|Any CPU
		{3BE6810A-818A-495F-9045-A9B5C4214FA8}.Paulo|Any CPU.Build.0 = Debug|Any CPU
		{3BE6810A-818A-495F-9045-A9B5C4214FA8}.Paulo|x86.ActiveCfg = Debug|Any CPU
		{3BE6810A-818A-495F-9045-A9B5C4214FA8}.Paulo|x86.Build.0 = Debug|Any CPU
		{3BE6810A-818A-495F-9045-A9B5C4214FA8}.Release|Any CPU.ActiveCfg = Release|Any CPU
		{3BE6810A-818A-495F-9045-A9B5C4214FA8}.Release|Any CPU.Build.0 = Release|Any CPU
		{3BE6810A-818A-495F-9045-A9B5C4214FA8}.Release|x86.ActiveCfg = Release|Any CPU
		{3BE6810A-818A-495F-9045-A9B5C4214FA8}.Release|x86.Build.0 = Release|Any CPU
		{8A9E1278-AFBE-4757-BAC5-E68AA462DC40}.Debug|Any CPU.ActiveCfg = Debug|Any CPU
		{8A9E1278-AFBE-4757-BAC5-E68AA462DC40}.Debug|Any CPU.Build.0 = Debug|Any CPU
		{8A9E1278-AFBE-4757-BAC5-E68AA462DC40}.Debug|x86.ActiveCfg = Debug|Any CPU
		{8A9E1278-AFBE-4757-BAC5-E68AA462DC40}.Debug|x86.Build.0 = Debug|Any CPU
		{8A9E1278-AFBE-4757-BAC5-E68AA462DC40}.Paulo|Any CPU.ActiveCfg = Debug|Any CPU
		{8A9E1278-AFBE-4757-BAC5-E68AA462DC40}.Paulo|Any CPU.Build.0 = Debug|Any CPU
		{8A9E1278-AFBE-4757-BAC5-E68AA462DC40}.Paulo|x86.ActiveCfg = Debug|Any CPU
		{8A9E1278-AFBE-4757-BAC5-E68AA462DC40}.Paulo|x86.Build.0 = Debug|Any CPU
		{8A9E1278-AFBE-4757-BAC5-E68AA462DC40}.Release|Any CPU.ActiveCfg = Release|Any CPU
		{8A9E1278-AFBE-4757-BAC5-E68AA462DC40}.Release|Any CPU.Build.0 = Release|Any CPU
		{8A9E1278-AFBE-4757-BAC5-E68AA462DC40}.Release|x86.ActiveCfg = Release|Any CPU
		{8A9E1278-AFBE-4757-BAC5-E68AA462DC40}.Release|x86.Build.0 = Release|Any CPU
		{AC6F3D3A-7168-4156-B072-F701E48AFA8A}.Debug|Any CPU.ActiveCfg = Debug|Any CPU
		{AC6F3D3A-7168-4156-B072-F701E48AFA8A}.Debug|Any CPU.Build.0 = Debug|Any CPU
		{AC6F3D3A-7168-4156-B072-F701E48AFA8A}.Debug|x86.ActiveCfg = Debug|Any CPU
		{AC6F3D3A-7168-4156-B072-F701E48AFA8A}.Debug|x86.Build.0 = Debug|Any CPU
		{AC6F3D3A-7168-4156-B072-F701E48AFA8A}.Paulo|Any CPU.ActiveCfg = Debug|Any CPU
		{AC6F3D3A-7168-4156-B072-F701E48AFA8A}.Paulo|Any CPU.Build.0 = Debug|Any CPU
		{AC6F3D3A-7168-4156-B072-F701E48AFA8A}.Paulo|x86.ActiveCfg = Debug|Any CPU
		{AC6F3D3A-7168-4156-B072-F701E48AFA8A}.Paulo|x86.Build.0 = Debug|Any CPU
		{AC6F3D3A-7168-4156-B072-F701E48AFA8A}.Release|Any CPU.ActiveCfg = Release|Any CPU
		{AC6F3D3A-7168-4156-B072-F701E48AFA8A}.Release|Any CPU.Build.0 = Release|Any CPU
		{AC6F3D3A-7168-4156-B072-F701E48AFA8A}.Release|x86.ActiveCfg = Release|Any CPU
		{AC6F3D3A-7168-4156-B072-F701E48AFA8A}.Release|x86.Build.0 = Release|Any CPU
		{A647C377-07B6-4CC4-9339-F7C1C8D1122B}.Debug|Any CPU.ActiveCfg = Debug|Any CPU
		{A647C377-07B6-4CC4-9339-F7C1C8D1122B}.Debug|Any CPU.Build.0 = Debug|Any CPU
		{A647C377-07B6-4CC4-9339-F7C1C8D1122B}.Debug|x86.ActiveCfg = Debug|Any CPU
		{A647C377-07B6-4CC4-9339-F7C1C8D1122B}.Debug|x86.Build.0 = Debug|Any CPU
		{A647C377-07B6-4CC4-9339-F7C1C8D1122B}.Paulo|Any CPU.ActiveCfg = Debug|Any CPU
		{A647C377-07B6-4CC4-9339-F7C1C8D1122B}.Paulo|Any CPU.Build.0 = Debug|Any CPU
		{A647C377-07B6-4CC4-9339-F7C1C8D1122B}.Paulo|x86.ActiveCfg = Debug|Any CPU
		{A647C377-07B6-4CC4-9339-F7C1C8D1122B}.Paulo|x86.Build.0 = Debug|Any CPU
		{A647C377-07B6-4CC4-9339-F7C1C8D1122B}.Release|Any CPU.ActiveCfg = Release|Any CPU
		{A647C377-07B6-4CC4-9339-F7C1C8D1122B}.Release|Any CPU.Build.0 = Release|Any CPU
		{A647C377-07B6-4CC4-9339-F7C1C8D1122B}.Release|x86.ActiveCfg = Release|Any CPU
		{A647C377-07B6-4CC4-9339-F7C1C8D1122B}.Release|x86.Build.0 = Release|Any CPU
		{A85405FB-980B-4D59-9947-D31313DEEB55}.Debug|Any CPU.ActiveCfg = Debug|Any CPU
		{A85405FB-980B-4D59-9947-D31313DEEB55}.Debug|Any CPU.Build.0 = Debug|Any CPU
		{A85405FB-980B-4D59-9947-D31313DEEB55}.Debug|x86.ActiveCfg = Debug|Any CPU
		{A85405FB-980B-4D59-9947-D31313DEEB55}.Debug|x86.Build.0 = Debug|Any CPU
		{A85405FB-980B-4D59-9947-D31313DEEB55}.Paulo|Any CPU.ActiveCfg = Debug|Any CPU
		{A85405FB-980B-4D59-9947-D31313DEEB55}.Paulo|Any CPU.Build.0 = Debug|Any CPU
		{A85405FB-980B-4D59-9947-D31313DEEB55}.Paulo|x86.ActiveCfg = Debug|Any CPU
		{A85405FB-980B-4D59-9947-D31313DEEB55}.Paulo|x86.Build.0 = Debug|Any CPU
		{A85405FB-980B-4D59-9947-D31313DEEB55}.Release|Any CPU.ActiveCfg = Release|Any CPU
		{A85405FB-980B-4D59-9947-D31313DEEB55}.Release|Any CPU.Build.0 = Release|Any CPU
		{A85405FB-980B-4D59-9947-D31313DEEB55}.Release|x86.ActiveCfg = Release|Any CPU
		{A85405FB-980B-4D59-9947-D31313DEEB55}.Release|x86.Build.0 = Release|Any CPU
	EndGlobalSection
	GlobalSection(SolutionProperties) = preSolution
		HideSolutionNode = FALSE
	EndGlobalSection
	GlobalSection(NestedProjects) = preSolution
		{B915776A-DD3B-4D31-B9D2-1E581BA82DA5} = {A9995B03-C91C-4692-9738-C747768F445C}
		{1AD24277-8DBA-4A35-8CA2-F29BA2B601F9} = {A9995B03-C91C-4692-9738-C747768F445C}
		{3BE6810A-818A-495F-9045-A9B5C4214FA8} = {A9995B03-C91C-4692-9738-C747768F445C}
		{8A9E1278-AFBE-4757-BAC5-E68AA462DC40} = {A9995B03-C91C-4692-9738-C747768F445C}
		{AC6F3D3A-7168-4156-B072-F701E48AFA8A} = {A9995B03-C91C-4692-9738-C747768F445C}
		{A647C377-07B6-4CC4-9339-F7C1C8D1122B} = {A9995B03-C91C-4692-9738-C747768F445C}
		{A85405FB-980B-4D59-9947-D31313DEEB55} = {A9995B03-C91C-4692-9738-C747768F445C}
	EndGlobalSection
	GlobalSection(ExtensibilityGlobals) = postSolution
		SolutionGuid = {3C4C1F2D-6129-4AAC-B585-A1D11851196B}
	EndGlobalSection
EndGlobal
